{
  "version": 4,
  "terraform_version": "1.8.1",
  "serial": 23,
  "lineage": "ff26bb59-a907-7beb-efc8-14d7c3c1570f",
  "outputs": {},
  "resources": [
    {
      "mode": "managed",
      "type": "azurerm_app_service_source_control",
      "name": "sql_taskboard",
      "provider": "provider[\"registry.terraform.io/hashicorp/azurerm\"]",
      "instances": [
        {
          "schema_version": 0,
          "attributes": {
            "app_id": "/subscriptions/ae0e8b0a-c601-468f-b0cd-fae706de7b59/resourceGroups/taskexamrg/providers/Microsoft.Web/sites/SoftUniBazarApp",
            "branch": "main",
            "github_action_configuration": [],
            "id": "/subscriptions/ae0e8b0a-c601-468f-b0cd-fae706de7b59/resourceGroups/taskexamrg/providers/Microsoft.Web/sites/SoftUniBazarApp",
            "repo_url": "https://github.com/DiyanPv/nodejs-azure-exam-2",
            "rollback_enabled": false,
            "scm_type": "ExternalGit",
            "timeouts": null,
            "use_local_git": false,
            "use_manual_integration": true,
            "use_mercurial": false,
            "uses_github_action": false
          },
          "sensitive_attributes": [],
          "private": "eyJlMmJmYjczMC1lY2FhLTExZTYtOGY4OC0zNDM2M2JjN2M0YzAiOnsiY3JlYXRlIjoxODAwMDAwMDAwMDAwLCJkZWxldGUiOjE4MDAwMDAwMDAwMDAsInJlYWQiOjMwMDAwMDAwMDAwMH19",
          "dependencies": [
            "azurerm_linux_web_app.bazarapp",
            "azurerm_mssql_database.database",
            "azurerm_mssql_server.sqlserver",
            "azurerm_service_plan.asp"
          ]
        }
      ]
    },
    {
      "mode": "managed",
      "type": "azurerm_linux_web_app",
      "name": "bazarapp",
      "provider": "provider[\"registry.terraform.io/hashicorp/azurerm\"]",
      "instances": [
        {
          "schema_version": 1,
          "attributes": {
            "app_settings": null,
            "auth_settings": [],
            "auth_settings_v2": [],
            "backup": [],
            "client_affinity_enabled": false,
            "client_certificate_enabled": false,
            "client_certificate_exclusion_paths": "",
            "client_certificate_mode": "Required",
            "connection_string": [
              {
                "name": "DefaultConnection",
                "type": "SQLAzure",
                "value": "Data Source=tcp:unique-sqlserver-name.database.windows.net,1433;Initial Catalog=example-db;User ID=testuser1;Password=myStrongPassword12#;Trusted_Connection=False; MultipleActiveResultSets=True;"
              }
            ],
            "custom_domain_verification_id": "293E8C2E6E9E3AF1BCBD871B1F94227AED36E32D9A97A58431B74F9684E0A0E6",
            "default_hostname": "softunibazarapp.azurewebsites.net",
            "enabled": true,
            "ftp_publish_basic_authentication_enabled": true,
            "hosting_environment_id": "",
            "https_only": false,
            "id": "/subscriptions/ae0e8b0a-c601-468f-b0cd-fae706de7b59/resourceGroups/taskexamrg/providers/Microsoft.Web/sites/SoftUniBazarApp",
            "identity": [],
            "key_vault_reference_identity_id": "SystemAssigned",
            "kind": "app,linux",
            "location": "northeurope",
            "logs": [],
            "name": "SoftUniBazarApp",
            "outbound_ip_address_list": [
              "51.104.185.109",
              "51.104.185.159",
              "51.104.185.251",
              "51.104.186.60",
              "51.104.186.234",
              "51.104.187.93",
              "20.50.64.2"
            ],
            "outbound_ip_addresses": "51.104.185.109,51.104.185.159,51.104.185.251,51.104.186.60,51.104.186.234,51.104.187.93,20.50.64.2",
            "possible_outbound_ip_address_list": [
              "51.104.185.109",
              "51.104.185.159",
              "51.104.185.251",
              "51.104.186.60",
              "51.104.186.234",
              "51.104.187.93",
              "40.127.228.252",
              "40.127.229.88",
              "40.127.229.89",
              "40.127.230.184",
              "40.127.230.185",
              "40.127.230.230",
              "40.127.252.81",
              "40.127.252.102",
              "40.127.252.123",
              "40.127.252.126",
              "40.127.252.132",
              "40.127.145.0",
              "20.105.0.88",
              "20.105.0.90",
              "20.105.0.94",
              "20.105.0.129",
              "20.105.0.130",
              "20.105.0.133",
              "20.50.64.2"
            ],
            "possible_outbound_ip_addresses": "51.104.185.109,51.104.185.159,51.104.185.251,51.104.186.60,51.104.186.234,51.104.187.93,40.127.228.252,40.127.229.88,40.127.229.89,40.127.230.184,40.127.230.185,40.127.230.230,40.127.252.81,40.127.252.102,40.127.252.123,40.127.252.126,40.127.252.132,40.127.145.0,20.105.0.88,20.105.0.90,20.105.0.94,20.105.0.129,20.105.0.130,20.105.0.133,20.50.64.2",
            "public_network_access_enabled": true,
            "resource_group_name": "taskexamrg",
            "service_plan_id": "/subscriptions/ae0e8b0a-c601-468f-b0cd-fae706de7b59/resourceGroups/taskexamrg/providers/Microsoft.Web/serverFarms/softunibazarsp",
            "site_config": [
              {
                "always_on": false,
                "api_definition_url": "",
                "api_management_api_id": "",
                "app_command_line": "",
                "application_stack": [
                  {
                    "docker_image": "",
                    "docker_image_name": "",
                    "docker_image_tag": "",
                    "docker_registry_password": "",
                    "docker_registry_url": "",
                    "docker_registry_username": "",
                    "dotnet_version": "6.0",
                    "go_version": "",
                    "java_server": "",
                    "java_server_version": "",
                    "java_version": "",
                    "node_version": "",
                    "php_version": "",
                    "python_version": "",
                    "ruby_version": ""
                  }
                ],
                "auto_heal_enabled": false,
                "auto_heal_setting": [],
                "container_registry_managed_identity_client_id": "",
                "container_registry_use_managed_identity": false,
                "cors": [],
                "default_documents": [
                  "Default.htm",
                  "Default.html",
                  "Default.asp",
                  "index.htm",
                  "index.html",
                  "iisstart.htm",
                  "default.aspx",
                  "index.php",
                  "hostingstart.html"
                ],
                "detailed_error_logging_enabled": false,
                "ftps_state": "Disabled",
                "health_check_eviction_time_in_min": 0,
                "health_check_path": "",
                "http2_enabled": false,
                "ip_restriction": [],
                "ip_restriction_default_action": "Allow",
                "linux_fx_version": "DOTNETCORE|6.0",
                "load_balancing_mode": "LeastRequests",
                "local_mysql_enabled": false,
                "managed_pipeline_mode": "Integrated",
                "minimum_tls_version": "1.2",
                "remote_debugging_enabled": false,
                "remote_debugging_version": "VS2022",
                "scm_ip_restriction": [],
                "scm_ip_restriction_default_action": "Allow",
                "scm_minimum_tls_version": "1.2",
                "scm_type": "None",
                "scm_use_main_ip_restriction": false,
                "use_32_bit_worker": true,
                "vnet_route_all_enabled": false,
                "websockets_enabled": false,
                "worker_count": 1
              }
            ],
            "site_credential": [
              {
                "name": "$SoftUniBazarApp",
                "password": "Ftm6Tl5FE3wSk89P9mp4ss06TphMB8FZJk2fkZjr7dkMqa4pZRSoE6xnaR33"
              }
            ],
            "sticky_settings": [],
            "storage_account": [],
            "tags": null,
            "timeouts": null,
            "virtual_network_subnet_id": "",
            "webdeploy_publish_basic_authentication_enabled": true,
            "zip_deploy_file": ""
          },
          "sensitive_attributes": [
            [
              {
                "type": "get_attr",
                "value": "custom_domain_verification_id"
              }
            ],
            [
              {
                "type": "get_attr",
                "value": "site_credential"
              }
            ],
            [
              {
                "type": "get_attr",
                "value": "site_config"
              },
              {
                "type": "index",
                "value": {
                  "value": 0,
                  "type": "number"
                }
              },
              {
                "type": "get_attr",
                "value": "application_stack"
              },
              {
                "type": "index",
                "value": {
                  "value": 0,
                  "type": "number"
                }
              },
              {
                "type": "get_attr",
                "value": "docker_registry_password"
              }
            ],
            [
              {
                "type": "get_attr",
                "value": "connection_string"
              }
            ]
          ],
          "private": "eyJlMmJmYjczMC1lY2FhLTExZTYtOGY4OC0zNDM2M2JjN2M0YzAiOnsiY3JlYXRlIjoxODAwMDAwMDAwMDAwLCJkZWxldGUiOjE4MDAwMDAwMDAwMDAsInJlYWQiOjMwMDAwMDAwMDAwMCwidXBkYXRlIjoxODAwMDAwMDAwMDAwfSwic2NoZW1hX3ZlcnNpb24iOiIxIn0=",
          "dependencies": [
            "azurerm_mssql_database.database",
            "azurerm_mssql_server.sqlserver",
            "azurerm_service_plan.asp"
          ]
        }
      ]
    },
    {
      "mode": "managed",
      "type": "azurerm_mssql_database",
      "name": "database",
      "provider": "provider[\"registry.terraform.io/hashicorp/azurerm\"]",
      "instances": [
        {
          "schema_version": 1,
          "attributes": {
            "auto_pause_delay_in_minutes": 0,
            "collation": "SQL_Latin1_General_CP1_CI_AS",
            "create_mode": "Default",
            "creation_source_database_id": null,
            "elastic_pool_id": "",
            "enclave_type": "",
            "geo_backup_enabled": true,
            "id": "/subscriptions/ae0e8b0a-c601-468f-b0cd-fae706de7b59/resourceGroups/taskexamrg/providers/Microsoft.Sql/servers/unique-sqlserver-name/databases/example-db",
            "identity": [],
            "import": [],
            "ledger_enabled": false,
            "license_type": "LicenseIncluded",
            "long_term_retention_policy": [
              {
                "immutable_backups_enabled": false,
                "monthly_retention": "PT0S",
                "week_of_year": 1,
                "weekly_retention": "PT0S",
                "yearly_retention": "PT0S"
              }
            ],
            "maintenance_configuration_name": "SQL_Default",
            "max_size_gb": 2,
            "min_capacity": 0,
            "name": "example-db",
            "read_replica_count": 0,
            "read_scale": false,
            "recover_database_id": null,
            "recovery_point_id": null,
            "restore_dropped_database_id": null,
            "restore_long_term_retention_backup_id": null,
            "restore_point_in_time": null,
            "sample_name": null,
            "secondary_type": "",
            "server_id": "/subscriptions/ae0e8b0a-c601-468f-b0cd-fae706de7b59/resourceGroups/taskexamrg/providers/Microsoft.Sql/servers/unique-sqlserver-name",
            "short_term_retention_policy": [
              {
                "backup_interval_in_hours": 24,
                "retention_days": 7
              }
            ],
            "sku_name": "S0",
            "storage_account_type": "Geo",
            "tags": null,
            "threat_detection_policy": [
              {
                "disabled_alerts": [],
                "email_account_admins": "Disabled",
                "email_addresses": [],
                "retention_days": 0,
                "state": "Disabled",
                "storage_account_access_key": "",
                "storage_endpoint": ""
              }
            ],
            "timeouts": null,
            "transparent_data_encryption_enabled": true,
            "transparent_data_encryption_key_automatic_rotation_enabled": false,
            "transparent_data_encryption_key_vault_key_id": "",
            "zone_redundant": false
          },
          "sensitive_attributes": [
            [
              {
                "type": "get_attr",
                "value": "threat_detection_policy"
              },
              {
                "type": "index",
                "value": {
                  "value": 0,
                  "type": "number"
                }
              },
              {
                "type": "get_attr",
                "value": "storage_account_access_key"
              }
            ]
          ],
          "private": "eyJlMmJmYjczMC1lY2FhLTExZTYtOGY4OC0zNDM2M2JjN2M0YzAiOnsiY3JlYXRlIjozNjAwMDAwMDAwMDAwLCJkZWxldGUiOjM2MDAwMDAwMDAwMDAsInJlYWQiOjMwMDAwMDAwMDAwMCwidXBkYXRlIjozNjAwMDAwMDAwMDAwfSwic2NoZW1hX3ZlcnNpb24iOiIxIn0=",
          "dependencies": [
            "azurerm_mssql_server.sqlserver"
          ]
        }
      ]
    },
    {
      "mode": "managed",
      "type": "azurerm_mssql_firewall_rule",
      "name": "firewall",
      "provider": "provider[\"registry.terraform.io/hashicorp/azurerm\"]",
      "instances": [
        {
          "schema_version": 0,
          "attributes": {
            "end_ip_address": "0.0.0.0",
            "id": "/subscriptions/ae0e8b0a-c601-468f-b0cd-fae706de7b59/resourceGroups/taskexamrg/providers/Microsoft.Sql/servers/unique-sqlserver-name/firewallRules/Exam1FirewallRule12",
            "name": "Exam1FirewallRule12",
            "server_id": "/subscriptions/ae0e8b0a-c601-468f-b0cd-fae706de7b59/resourceGroups/taskexamrg/providers/Microsoft.Sql/servers/unique-sqlserver-name",
            "start_ip_address": "0.0.0.0",
            "timeouts": null
          },
          "sensitive_attributes": [],
          "private": "eyJlMmJmYjczMC1lY2FhLTExZTYtOGY4OC0zNDM2M2JjN2M0YzAiOnsiY3JlYXRlIjoxODAwMDAwMDAwMDAwLCJkZWxldGUiOjE4MDAwMDAwMDAwMDAsInJlYWQiOjMwMDAwMDAwMDAwMCwidXBkYXRlIjoxODAwMDAwMDAwMDAwfX0=",
          "dependencies": [
            "azurerm_mssql_server.sqlserver"
          ]
        }
      ]
    },
    {
      "mode": "managed",
      "type": "azurerm_mssql_server",
      "name": "sqlserver",
      "provider": "provider[\"registry.terraform.io/hashicorp/azurerm\"]",
      "instances": [
        {
          "schema_version": 0,
          "attributes": {
            "administrator_login": "testuser1",
            "administrator_login_password": "myStrongPassword12#",
            "azuread_administrator": [],
            "connection_policy": "Default",
            "fully_qualified_domain_name": "unique-sqlserver-name.database.windows.net",
            "id": "/subscriptions/ae0e8b0a-c601-468f-b0cd-fae706de7b59/resourceGroups/taskexamrg/providers/Microsoft.Sql/servers/unique-sqlserver-name",
            "identity": [],
            "location": "northeurope",
            "minimum_tls_version": "1.2",
            "name": "unique-sqlserver-name",
            "outbound_network_restriction_enabled": false,
            "primary_user_assigned_identity_id": "",
            "public_network_access_enabled": true,
            "resource_group_name": "taskexamrg",
            "restorable_dropped_database_ids": [],
            "tags": {},
            "timeouts": null,
            "transparent_data_encryption_key_vault_key_id": "",
            "version": "12.0"
          },
          "sensitive_attributes": [
            [
              {
                "type": "get_attr",
                "value": "administrator_login_password"
              }
            ]
          ],
          "private": "eyJlMmJmYjczMC1lY2FhLTExZTYtOGY4OC0zNDM2M2JjN2M0YzAiOnsiY3JlYXRlIjozNjAwMDAwMDAwMDAwLCJkZWxldGUiOjM2MDAwMDAwMDAwMDAsInJlYWQiOjMwMDAwMDAwMDAwMCwidXBkYXRlIjozNjAwMDAwMDAwMDAwfX0="
        }
      ]
    },
    {
      "mode": "managed",
      "type": "azurerm_resource_group",
      "name": "rg",
      "provider": "provider[\"registry.terraform.io/hashicorp/azurerm\"]",
      "instances": [
        {
          "schema_version": 0,
          "attributes": {
            "id": "/subscriptions/ae0e8b0a-c601-468f-b0cd-fae706de7b59/resourceGroups/taskexamrg",
            "location": "northeurope",
            "managed_by": "",
            "name": "taskexamrg",
            "tags": {},
            "timeouts": null
          },
          "sensitive_attributes": [],
          "private": "eyJlMmJmYjczMC1lY2FhLTExZTYtOGY4OC0zNDM2M2JjN2M0YzAiOnsiY3JlYXRlIjo1NDAwMDAwMDAwMDAwLCJkZWxldGUiOjU0MDAwMDAwMDAwMDAsInJlYWQiOjMwMDAwMDAwMDAwMCwidXBkYXRlIjo1NDAwMDAwMDAwMDAwfX0="
        }
      ]
    },
    {
      "mode": "managed",
      "type": "azurerm_service_plan",
      "name": "asp",
      "provider": "provider[\"registry.terraform.io/hashicorp/azurerm\"]",
      "instances": [
        {
          "schema_version": 1,
          "attributes": {
            "app_service_environment_id": "",
            "id": "/subscriptions/ae0e8b0a-c601-468f-b0cd-fae706de7b59/resourceGroups/taskexamrg/providers/Microsoft.Web/serverFarms/softunibazarsp",
            "kind": "linux",
            "location": "northeurope",
            "maximum_elastic_worker_count": 1,
            "name": "softunibazarsp",
            "os_type": "Linux",
            "per_site_scaling_enabled": false,
            "reserved": true,
            "resource_group_name": "taskexamrg",
            "sku_name": "F1",
            "tags": {},
            "timeouts": null,
            "worker_count": 1,
            "zone_balancing_enabled": false
          },
          "sensitive_attributes": [],
          "private": "eyJlMmJmYjczMC1lY2FhLTExZTYtOGY4OC0zNDM2M2JjN2M0YzAiOnsiY3JlYXRlIjozNjAwMDAwMDAwMDAwLCJkZWxldGUiOjM2MDAwMDAwMDAwMDAsInJlYWQiOjMwMDAwMDAwMDAwMCwidXBkYXRlIjozNjAwMDAwMDAwMDAwfSwic2NoZW1hX3ZlcnNpb24iOiIxIn0="
        }
      ]
    }
  ],
  "check_results": null
}
